
Microsoft Visual Studio Solution File, Format Version 12.00
# Visual Studio 2012
Project("{FAE04EC0-301F-11D3-BF4B-00C04F79EFBC}") = "AMKDownloadManager", "AMKDownloadManager\AMKDownloadManager.csproj", "{D2C946CC-8767-459C-BC0E-76035FE11AAD}"
EndProject
Project("{FAE04EC0-301F-11D3-BF4B-00C04F79EFBC}") = "AMKDownloadManager.Net", "AMKDownloadManager.Net\AMKDownloadManager.Net.csproj", "{E592E6DC-77AD-4AA9-81CB-FED4264E33D8}"
EndProject
Project("{FAE04EC0-301F-11D3-BF4B-00C04F79EFBC}") = "AMKDownloadManager.Core", "AMKDownloadManager.Core\AMKDownloadManager.Core.csproj", "{3EA4EFB2-8392-4D39-A10F-4F4BCA4618B3}"
EndProject
Project("{FAE04EC0-301F-11D3-BF4B-00C04F79EFBC}") = "AMKDownloadManager.HttpDownloader", "AMKDownloadManager.HttpDownloader\AMKDownloadManager.HttpDownloader.csproj", "{CA897A0B-CC03-4DD1-9D0F-D6B9324CC2AD}"
EndProject
Project("{FAE04EC0-301F-11D3-BF4B-00C04F79EFBC}") = "Test.Console", "Test.Console\Test.Console.csproj", "{59B248A9-4725-44B9-B82F-ABD19E2F9F5A}"
EndProject
Project("{FAE04EC0-301F-11D3-BF4B-00C04F79EFBC}") = "AMKDownloadManager.Defaults", "AMKDownloadManager.Defaults\AMKDownloadManager.Defaults.csproj", "{389A475C-C6A3-44BF-84A4-B1C45651E782}"
EndProject
Project("{2150E333-8FDC-42A3-9474-1A3956D46DE8}") = "Plugins", "Plugins", "{11825AC0-8FA6-45D6-8AC4-60553FC0D56C}"
EndProject
Project("{2150E333-8FDC-42A3-9474-1A3956D46DE8}") = "Protocols", "Protocols", "{AA0A97CC-9FEE-4B56-A169-318598692043}"
EndProject
Project("{2150E333-8FDC-42A3-9474-1A3956D46DE8}") = "Miscellaneous", "Miscellaneous", "{A4BD8025-5885-495A-9345-05E2BA2311BE}"
EndProject
Project("{FAE04EC0-301F-11D3-BF4B-00C04F79EFBC}") = "AMKDownloadManager.BatchDownloadFileSupport", "Plugins\Misc\AMKDownloadManager.BatchDownloadFileSupport\AMKDownloadManager.BatchDownloadFileSupport.csproj", "{556C402C-23F1-403B-80F8-C10DCB044B9B}"
EndProject
Project("{FAE04EC0-301F-11D3-BF4B-00C04F79EFBC}") = "AMKDownloadManager.Core.UIServices", "AMKDownloadManager.Core.UIServices\AMKDownloadManager.Core.UIServices.csproj", "{69EE909D-38CB-4C44-AA64-9B877E88BCF6}"
EndProject
Project("{2150E333-8FDC-42A3-9474-1A3956D46DE8}") = "UI", "UI", "{34BE915E-991A-4131-95AA-900F7A9CBC6A}"
EndProject
Project("{2150E333-8FDC-42A3-9474-1A3956D46DE8}") = "UIServices", "UIServices", "{7048713B-7EAC-495A-BD1B-AEF64F41444A}"
EndProject
Project("{FAE04EC0-301F-11D3-BF4B-00C04F79EFBC}") = "AMKDownloadManager.UIServices.Cli", "Plugins\AMKDownloadManager.UIServices.Cli\AMKDownloadManager.UIServices.Cli.csproj", "{65983612-E003-495B-9901-B25E2B7FAF01}"
EndProject
Project("{FAE04EC0-301F-11D3-BF4B-00C04F79EFBC}") = "AMKDownloadManager.UIServices.Gui.GdkSharp", "Plugins\AMKDownloadManager.UIServices.Gui.GdkSharp\AMKDownloadManager.UIServices.Gui.GdkSharp.csproj", "{05D7DAA1-22A6-44D0-AC56-4EAAF0F4ACA7}"
EndProject
Global
	GlobalSection(SolutionConfigurationPlatforms) = preSolution
		Debug|x86 = Debug|x86
		Release|x86 = Release|x86
	EndGlobalSection
	GlobalSection(ProjectConfigurationPlatforms) = postSolution
		{3EA4EFB2-8392-4D39-A10F-4F4BCA4618B3}.Debug|x86.ActiveCfg = Debug|Any CPU
		{3EA4EFB2-8392-4D39-A10F-4F4BCA4618B3}.Debug|x86.Build.0 = Debug|Any CPU
		{3EA4EFB2-8392-4D39-A10F-4F4BCA4618B3}.Release|x86.ActiveCfg = Release|Any CPU
		{3EA4EFB2-8392-4D39-A10F-4F4BCA4618B3}.Release|x86.Build.0 = Release|Any CPU
		{59B248A9-4725-44B9-B82F-ABD19E2F9F5A}.Debug|x86.ActiveCfg = Debug|x86
		{59B248A9-4725-44B9-B82F-ABD19E2F9F5A}.Debug|x86.Build.0 = Debug|x86
		{59B248A9-4725-44B9-B82F-ABD19E2F9F5A}.Release|x86.ActiveCfg = Release|x86
		{59B248A9-4725-44B9-B82F-ABD19E2F9F5A}.Release|x86.Build.0 = Release|x86
		{CA897A0B-CC03-4DD1-9D0F-D6B9324CC2AD}.Debug|x86.ActiveCfg = Debug|Any CPU
		{CA897A0B-CC03-4DD1-9D0F-D6B9324CC2AD}.Debug|x86.Build.0 = Debug|Any CPU
		{CA897A0B-CC03-4DD1-9D0F-D6B9324CC2AD}.Release|x86.ActiveCfg = Release|Any CPU
		{CA897A0B-CC03-4DD1-9D0F-D6B9324CC2AD}.Release|x86.Build.0 = Release|Any CPU
		{D2C946CC-8767-459C-BC0E-76035FE11AAD}.Debug|x86.ActiveCfg = Debug|x86
		{D2C946CC-8767-459C-BC0E-76035FE11AAD}.Debug|x86.Build.0 = Debug|x86
		{D2C946CC-8767-459C-BC0E-76035FE11AAD}.Release|x86.ActiveCfg = Release|x86
		{D2C946CC-8767-459C-BC0E-76035FE11AAD}.Release|x86.Build.0 = Release|x86
		{E592E6DC-77AD-4AA9-81CB-FED4264E33D8}.Debug|x86.ActiveCfg = Debug|Any CPU
		{E592E6DC-77AD-4AA9-81CB-FED4264E33D8}.Debug|x86.Build.0 = Debug|Any CPU
		{E592E6DC-77AD-4AA9-81CB-FED4264E33D8}.Release|x86.ActiveCfg = Release|Any CPU
		{E592E6DC-77AD-4AA9-81CB-FED4264E33D8}.Release|x86.Build.0 = Release|Any CPU
		{389A475C-C6A3-44BF-84A4-B1C45651E782}.Debug|x86.ActiveCfg = Debug|Any CPU
		{389A475C-C6A3-44BF-84A4-B1C45651E782}.Debug|x86.Build.0 = Debug|Any CPU
		{389A475C-C6A3-44BF-84A4-B1C45651E782}.Release|x86.ActiveCfg = Release|Any CPU
		{389A475C-C6A3-44BF-84A4-B1C45651E782}.Release|x86.Build.0 = Release|Any CPU
		{556C402C-23F1-403B-80F8-C10DCB044B9B}.Debug|x86.ActiveCfg = Debug|Any CPU
		{556C402C-23F1-403B-80F8-C10DCB044B9B}.Debug|x86.Build.0 = Debug|Any CPU
		{556C402C-23F1-403B-80F8-C10DCB044B9B}.Release|x86.ActiveCfg = Release|Any CPU
		{556C402C-23F1-403B-80F8-C10DCB044B9B}.Release|x86.Build.0 = Release|Any CPU
		{69EE909D-38CB-4C44-AA64-9B877E88BCF6}.Debug|x86.ActiveCfg = Debug|Any CPU
		{69EE909D-38CB-4C44-AA64-9B877E88BCF6}.Debug|x86.Build.0 = Debug|Any CPU
		{69EE909D-38CB-4C44-AA64-9B877E88BCF6}.Release|x86.ActiveCfg = Release|Any CPU
		{69EE909D-38CB-4C44-AA64-9B877E88BCF6}.Release|x86.Build.0 = Release|Any CPU
		{65983612-E003-495B-9901-B25E2B7FAF01}.Debug|x86.ActiveCfg = Debug|Any CPU
		{65983612-E003-495B-9901-B25E2B7FAF01}.Debug|x86.Build.0 = Debug|Any CPU
		{65983612-E003-495B-9901-B25E2B7FAF01}.Release|x86.ActiveCfg = Release|Any CPU
		{65983612-E003-495B-9901-B25E2B7FAF01}.Release|x86.Build.0 = Release|Any CPU
		{05D7DAA1-22A6-44D0-AC56-4EAAF0F4ACA7}.Debug|x86.ActiveCfg = Debug|Any CPU
		{05D7DAA1-22A6-44D0-AC56-4EAAF0F4ACA7}.Debug|x86.Build.0 = Debug|Any CPU
		{05D7DAA1-22A6-44D0-AC56-4EAAF0F4ACA7}.Release|x86.ActiveCfg = Release|Any CPU
		{05D7DAA1-22A6-44D0-AC56-4EAAF0F4ACA7}.Release|x86.Build.0 = Release|Any CPU
	EndGlobalSection
	GlobalSection(NestedProjects) = preSolution
		{AA0A97CC-9FEE-4B56-A169-318598692043} = {11825AC0-8FA6-45D6-8AC4-60553FC0D56C}
		{CA897A0B-CC03-4DD1-9D0F-D6B9324CC2AD} = {AA0A97CC-9FEE-4B56-A169-318598692043}
		{A4BD8025-5885-495A-9345-05E2BA2311BE} = {11825AC0-8FA6-45D6-8AC4-60553FC0D56C}
		{556C402C-23F1-403B-80F8-C10DCB044B9B} = {A4BD8025-5885-495A-9345-05E2BA2311BE}
		{34BE915E-991A-4131-95AA-900F7A9CBC6A} = {11825AC0-8FA6-45D6-8AC4-60553FC0D56C}
		{7048713B-7EAC-495A-BD1B-AEF64F41444A} = {34BE915E-991A-4131-95AA-900F7A9CBC6A}
		{65983612-E003-495B-9901-B25E2B7FAF01} = {7048713B-7EAC-495A-BD1B-AEF64F41444A}
		{05D7DAA1-22A6-44D0-AC56-4EAAF0F4ACA7} = {7048713B-7EAC-495A-BD1B-AEF64F41444A}
	EndGlobalSection
EndGlobal
