
Microsoft Visual Studio Solution File, Format Version 12.00
# Visual Studio 2012
Project("{FAE04EC0-301F-11D3-BF4B-00C04F79EFBC}") = "AMKDownloadManager", "AMKDownloadManager\AMKDownloadManager.csproj", "{D2C946CC-8767-459C-BC0E-76035FE11AAD}"
EndProject
Project("{FAE04EC0-301F-11D3-BF4B-00C04F79EFBC}") = "AMKDownloadManager.Net", "AMKDownloadManager.Net\AMKDownloadManager.Net.csproj", "{E592E6DC-77AD-4AA9-81CB-FED4264E33D8}"
EndProject
Project("{FAE04EC0-301F-11D3-BF4B-00C04F79EFBC}") = "AMKDownloadManager.Core", "AMKDownloadManager.Core\AMKDownloadManager.Core.csproj", "{3EA4EFB2-8392-4D39-A10F-4F4BCA4618B3}"
EndProject
Project("{FAE04EC0-301F-11D3-BF4B-00C04F79EFBC}") = "AMKDownloadManager.HttpDownloader", "AMKDownloadManager.HttpDownloader\AMKDownloadManager.HttpDownloader.csproj", "{CA897A0B-CC03-4DD1-9D0F-D6B9324CC2AD}"
EndProject
Project("{FAE04EC0-301F-11D3-BF4B-00C04F79EFBC}") = "Test.Console", "Test.Console\Test.Console.csproj", "{59B248A9-4725-44B9-B82F-ABD19E2F9F5A}"
EndProject
Global
	GlobalSection(SolutionConfigurationPlatforms) = preSolution
		Debug|x86 = Debug|x86
		Release|x86 = Release|x86
	EndGlobalSection
	GlobalSection(ProjectConfigurationPlatforms) = postSolution
		{3EA4EFB2-8392-4D39-A10F-4F4BCA4618B3}.Debug|x86.ActiveCfg = Debug|Any CPU
		{3EA4EFB2-8392-4D39-A10F-4F4BCA4618B3}.Debug|x86.Build.0 = Debug|Any CPU
		{3EA4EFB2-8392-4D39-A10F-4F4BCA4618B3}.Release|x86.ActiveCfg = Release|Any CPU
		{3EA4EFB2-8392-4D39-A10F-4F4BCA4618B3}.Release|x86.Build.0 = Release|Any CPU
		{59B248A9-4725-44B9-B82F-ABD19E2F9F5A}.Debug|x86.ActiveCfg = Debug|x86
		{59B248A9-4725-44B9-B82F-ABD19E2F9F5A}.Debug|x86.Build.0 = Debug|x86
		{59B248A9-4725-44B9-B82F-ABD19E2F9F5A}.Release|x86.ActiveCfg = Release|x86
		{59B248A9-4725-44B9-B82F-ABD19E2F9F5A}.Release|x86.Build.0 = Release|x86
		{CA897A0B-CC03-4DD1-9D0F-D6B9324CC2AD}.Debug|x86.ActiveCfg = Debug|Any CPU
		{CA897A0B-CC03-4DD1-9D0F-D6B9324CC2AD}.Debug|x86.Build.0 = Debug|Any CPU
		{CA897A0B-CC03-4DD1-9D0F-D6B9324CC2AD}.Release|x86.ActiveCfg = Release|Any CPU
		{CA897A0B-CC03-4DD1-9D0F-D6B9324CC2AD}.Release|x86.Build.0 = Release|Any CPU
		{D2C946CC-8767-459C-BC0E-76035FE11AAD}.Debug|x86.ActiveCfg = Debug|x86
		{D2C946CC-8767-459C-BC0E-76035FE11AAD}.Debug|x86.Build.0 = Debug|x86
		{D2C946CC-8767-459C-BC0E-76035FE11AAD}.Release|x86.ActiveCfg = Release|x86
		{D2C946CC-8767-459C-BC0E-76035FE11AAD}.Release|x86.Build.0 = Release|x86
		{E592E6DC-77AD-4AA9-81CB-FED4264E33D8}.Debug|x86.ActiveCfg = Debug|Any CPU
		{E592E6DC-77AD-4AA9-81CB-FED4264E33D8}.Debug|x86.Build.0 = Debug|Any CPU
		{E592E6DC-77AD-4AA9-81CB-FED4264E33D8}.Release|x86.ActiveCfg = Release|Any CPU
		{E592E6DC-77AD-4AA9-81CB-FED4264E33D8}.Release|x86.Build.0 = Release|Any CPU
	EndGlobalSection
EndGlobal
