
Microsoft Visual Studio Solution File, Format Version 12.00
#
Project("{FAE04EC0-301F-11D3-BF4B-00C04F79EFBC}") = "AMKDownloadManager.Core", "AMKDownloadManager.Core\AMKDownloadManager.Core.csproj", "{23F0EE30-6FCC-4183-924D-B7C57E409F73}"
EndProject
Project("{FAE04EC0-301F-11D3-BF4B-00C04F79EFBC}") = "AMKDownloadManager.Defaults", "AMKDownloadManager.Defaults\AMKDownloadManager.Defaults.csproj", "{D1A4D5D2-8354-489C-948C-59FBFC97E3E1}"
EndProject
Project("{FAE04EC0-301F-11D3-BF4B-00C04F79EFBC}") = "AMKDownloadManager.Net", "AMKDownloadManager.Net\AMKDownloadManager.Net.csproj", "{A8A1FF20-D5D8-4048-8FD1-94BFD374B73B}"
EndProject
Project("{2150E333-8FDC-42A3-9474-1A3956D46DE8}") = "Plugins", "Plugins", "{97F2EF59-0E20-49FB-805D-C545FB633E76}"
EndProject
Project("{2150E333-8FDC-42A3-9474-1A3956D46DE8}") = "Protocols", "Protocols", "{6F9FF9F1-B729-4FEA-9AFF-0FE46CD8B81D}"
EndProject
Project("{2150E333-8FDC-42A3-9474-1A3956D46DE8}") = "Misc", "Misc", "{7FD60AB0-DD83-4415-AB3D-1F2E54D41319}"
EndProject
Project("{2150E333-8FDC-42A3-9474-1A3956D46DE8}") = "UI", "UI", "{BACED7E5-3F18-4934-BFED-A65BA1255CAF}"
EndProject
Project("{FAE04EC0-301F-11D3-BF4B-00C04F79EFBC}") = "AMKDownloadManager.BatchDownloadFileSupport", "Plugins\Misc\AMKDownloadManager.BatchDownloadFileSupport\AMKDownloadManager.BatchDownloadFileSupport.csproj", "{DBB60947-5897-4A68-BD76-1758EB75BE82}"
EndProject
Project("{FAE04EC0-301F-11D3-BF4B-00C04F79EFBC}") = "AMKDownloadManager.HttpDownloader", "Plugins\Protocols\AMKDownloadManager.HttpDownloader\AMKDownloadManager.HttpDownloader.csproj", "{E6AF8D4F-2CB7-4468-98E7-8F25A9424D22}"
EndProject
Project("{2150E333-8FDC-42A3-9474-1A3956D46DE8}") = "Shared", "Shared", "{62DDF2C1-9293-464F-969A-5B17025E1996}"
	ProjectSection(SolutionItems) = preProject
		update-packages = update-packages
	EndProjectSection
EndProject
Project("{FAE04EC0-301F-11D3-BF4B-00C04F79EFBC}") = "AMKDownloadManager.MSTest", "AMKDownloadManager.MSTest\AMKDownloadManager.MSTest.csproj", "{9DA0C3BF-0F1E-4528-AEFC-3B3EB1DA2834}"
EndProject
Project("{FAE04EC0-301F-11D3-BF4B-00C04F79EFBC}") = "AMKDownloadManager.DebugMode", "Plugins\Misc\AMKDownloadManager.DebugMode\AMKDownloadManager.DebugMode.csproj", "{443FF5B8-5406-4B28-9E86-EAF94DD461F2}"
EndProject
Project("{2150E333-8FDC-42A3-9474-1A3956D46DE8}") = "UserInterface", "UserInterface", "{F5AFD33D-C317-44EC-A3EE-7255D9D57D1C}"
EndProject
Project("{FAE04EC0-301F-11D3-BF4B-00C04F79EFBC}") = "AMKDownloadManager.UI.Business", "UserInterface\AMKDownloadManager.UI.Business\AMKDownloadManager.UI.Business.csproj", "{7595C4D8-4008-45D0-90E3-9AF0C3C3237F}"
EndProject
Project("{FAE04EC0-301F-11D3-BF4B-00C04F79EFBC}") = "AMKDownloadManager.UI.AvaloniaUI", "UserInterface\AMKDownloadManager.UI.AvaloniaUI\AMKDownloadManager.UI.AvaloniaUI.csproj", "{506EAB82-00C3-4C44-B068-645D3034DD78}"
EndProject
Project("{FAE04EC0-301F-11D3-BF4B-00C04F79EFBC}") = "AMKDownloadManager.ConfigProvider.Json", "Plugins\Core\AMKDownloadManager.ConfigProvider.Json\AMKDownloadManager.ConfigProvider.Json.csproj", "{3AA0B29F-254F-4063-8075-3F5549935F47}"
EndProject
Project("{2150E333-8FDC-42A3-9474-1A3956D46DE8}") = "Core", "Core", "{8825F6EE-83F4-4381-A8F1-350094BDA535}"
EndProject
Project("{2150E333-8FDC-42A3-9474-1A3956D46DE8}") = "Xamarin", "Xamarin", "{DEFB1B36-85CE-49BA-B9CF-120F596984DE}"
EndProject
Project("{2150E333-8FDC-42A3-9474-1A3956D46DE8}") = "Mvvm", "Mvvm", "{3C5C0487-A4C1-4B42-AE9E-63B725B515B3}"
EndProject
Project("{2150E333-8FDC-42A3-9474-1A3956D46DE8}") = "Avalonia", "Avalonia", "{38518875-7B5C-4358-B181-150E359E0B82}"
EndProject
Project("{FAE04EC0-301F-11D3-BF4B-00C04F79EFBC}") = "AMKDownloadManager.UI.Xamarin", "UserInterface\AMKDownloadManager.UI.Xamarin\AMKDownloadManager.UI.Xamarin\AMKDownloadManager.UI.Xamarin.csproj", "{DA4D4C98-70E6-42CE-A07B-4778F479DA27}"
EndProject
Project("{FAE04EC0-301F-11D3-BF4B-00C04F79EFBC}") = "AMKDownloadManager.UI.Xamarin.GtkSharp", "UserInterface\AMKDownloadManager.UI.Xamarin\AMKDownloadManager.UI.Xamarin.GtkSharp\AMKDownloadManager.UI.Xamarin.GtkSharp.csproj", "{62AEE5E7-5865-4B44-B23C-3F84E12FEA4D}"
EndProject
Project("{2150E333-8FDC-42A3-9474-1A3956D46DE8}") = "Luncher", "Luncher", "{ACFD535F-797B-4F96-BD19-FECF53C16080}"
EndProject
Project("{D954291E-2A0B-460D-934E-DC6B0785DB48}") = "AMKDownloadManager.UI.Luncher", "UserInterface\AMKDownloadManager.UI.Luncher\AMKDownloadManager.UI.Luncher.shproj", "{FE5782E9-E64A-417E-8234-127D5A67C2A5}"
EndProject
Project("{2150E333-8FDC-42A3-9474-1A3956D46DE8}") = "PlatformSpecific", "PlatformSpecific", "{D393FE3D-A2AC-48D2-9C26-EDDA06801D43}"
EndProject
Project("{FAE04EC0-301F-11D3-BF4B-00C04F79EFBC}") = "AMKDownloadManager.Platform.Messaging.DBus", "Plugins\PlatformSpecific\AMKDownloadManager.Platform.Messaging.DBus\AMKDownloadManager.Platform.Messaging.DBus.csproj", "{21D80A82-CE0F-48D4-9524-EE2D4DF1BCE2}"
EndProject
Project("{2150E333-8FDC-42A3-9474-1A3956D46DE8}") = "FormsGtkToolkit", "FormsGtkToolkit", "{35EB72C9-2701-4137-B991-8DE61E8B715E}"
EndProject
Project("{FAE04EC0-301F-11D3-BF4B-00C04F79EFBC}") = "Controls", "Contrib\FormsGtkToolkit\src\Controls\Controls\Controls.csproj", "{DB264BD3-A890-4491-AFAB-4886EB4CCED5}"
EndProject
Project("{FAE04EC0-301F-11D3-BF4B-00C04F79EFBC}") = "Controls.GTK", "Contrib\FormsGtkToolkit\src\Controls\Controls.GTK\Controls.GTK.csproj", "{C7C5BCCB-9CF6-44CB-BFDF-4C72A8305B13}"
EndProject
Global
	GlobalSection(SolutionConfigurationPlatforms) = preSolution
		Debug|Any CPU = Debug|Any CPU
		Release|Any CPU = Release|Any CPU
	EndGlobalSection
	GlobalSection(ProjectConfigurationPlatforms) = postSolution
		{23F0EE30-6FCC-4183-924D-B7C57E409F73}.Debug|Any CPU.ActiveCfg = Debug|Any CPU
		{23F0EE30-6FCC-4183-924D-B7C57E409F73}.Debug|Any CPU.Build.0 = Debug|Any CPU
		{23F0EE30-6FCC-4183-924D-B7C57E409F73}.Release|Any CPU.ActiveCfg = Release|Any CPU
		{23F0EE30-6FCC-4183-924D-B7C57E409F73}.Release|Any CPU.Build.0 = Release|Any CPU
		{D1A4D5D2-8354-489C-948C-59FBFC97E3E1}.Debug|Any CPU.ActiveCfg = Debug|Any CPU
		{D1A4D5D2-8354-489C-948C-59FBFC97E3E1}.Debug|Any CPU.Build.0 = Debug|Any CPU
		{D1A4D5D2-8354-489C-948C-59FBFC97E3E1}.Release|Any CPU.ActiveCfg = Release|Any CPU
		{D1A4D5D2-8354-489C-948C-59FBFC97E3E1}.Release|Any CPU.Build.0 = Release|Any CPU
		{A8A1FF20-D5D8-4048-8FD1-94BFD374B73B}.Debug|Any CPU.ActiveCfg = Debug|Any CPU
		{A8A1FF20-D5D8-4048-8FD1-94BFD374B73B}.Debug|Any CPU.Build.0 = Debug|Any CPU
		{A8A1FF20-D5D8-4048-8FD1-94BFD374B73B}.Release|Any CPU.ActiveCfg = Release|Any CPU
		{A8A1FF20-D5D8-4048-8FD1-94BFD374B73B}.Release|Any CPU.Build.0 = Release|Any CPU
		{DBB60947-5897-4A68-BD76-1758EB75BE82}.Debug|Any CPU.ActiveCfg = Debug|Any CPU
		{DBB60947-5897-4A68-BD76-1758EB75BE82}.Debug|Any CPU.Build.0 = Debug|Any CPU
		{DBB60947-5897-4A68-BD76-1758EB75BE82}.Release|Any CPU.ActiveCfg = Release|Any CPU
		{DBB60947-5897-4A68-BD76-1758EB75BE82}.Release|Any CPU.Build.0 = Release|Any CPU
		{E6AF8D4F-2CB7-4468-98E7-8F25A9424D22}.Debug|Any CPU.ActiveCfg = Debug|Any CPU
		{E6AF8D4F-2CB7-4468-98E7-8F25A9424D22}.Debug|Any CPU.Build.0 = Debug|Any CPU
		{E6AF8D4F-2CB7-4468-98E7-8F25A9424D22}.Release|Any CPU.ActiveCfg = Release|Any CPU
		{E6AF8D4F-2CB7-4468-98E7-8F25A9424D22}.Release|Any CPU.Build.0 = Release|Any CPU
		{9DA0C3BF-0F1E-4528-AEFC-3B3EB1DA2834}.Debug|Any CPU.ActiveCfg = Debug|Any CPU
		{9DA0C3BF-0F1E-4528-AEFC-3B3EB1DA2834}.Debug|Any CPU.Build.0 = Debug|Any CPU
		{9DA0C3BF-0F1E-4528-AEFC-3B3EB1DA2834}.Release|Any CPU.ActiveCfg = Release|Any CPU
		{9DA0C3BF-0F1E-4528-AEFC-3B3EB1DA2834}.Release|Any CPU.Build.0 = Release|Any CPU
		{443FF5B8-5406-4B28-9E86-EAF94DD461F2}.Debug|Any CPU.ActiveCfg = Debug|Any CPU
		{443FF5B8-5406-4B28-9E86-EAF94DD461F2}.Debug|Any CPU.Build.0 = Debug|Any CPU
		{443FF5B8-5406-4B28-9E86-EAF94DD461F2}.Release|Any CPU.ActiveCfg = Release|Any CPU
		{443FF5B8-5406-4B28-9E86-EAF94DD461F2}.Release|Any CPU.Build.0 = Release|Any CPU
		{7595C4D8-4008-45D0-90E3-9AF0C3C3237F}.Debug|Any CPU.ActiveCfg = Debug|Any CPU
		{7595C4D8-4008-45D0-90E3-9AF0C3C3237F}.Debug|Any CPU.Build.0 = Debug|Any CPU
		{7595C4D8-4008-45D0-90E3-9AF0C3C3237F}.Release|Any CPU.ActiveCfg = Release|Any CPU
		{7595C4D8-4008-45D0-90E3-9AF0C3C3237F}.Release|Any CPU.Build.0 = Release|Any CPU
		{506EAB82-00C3-4C44-B068-645D3034DD78}.Debug|Any CPU.ActiveCfg = Debug|Any CPU
		{506EAB82-00C3-4C44-B068-645D3034DD78}.Debug|Any CPU.Build.0 = Debug|Any CPU
		{506EAB82-00C3-4C44-B068-645D3034DD78}.Release|Any CPU.ActiveCfg = Release|Any CPU
		{506EAB82-00C3-4C44-B068-645D3034DD78}.Release|Any CPU.Build.0 = Release|Any CPU
		{3AA0B29F-254F-4063-8075-3F5549935F47}.Debug|Any CPU.ActiveCfg = Debug|Any CPU
		{3AA0B29F-254F-4063-8075-3F5549935F47}.Debug|Any CPU.Build.0 = Debug|Any CPU
		{3AA0B29F-254F-4063-8075-3F5549935F47}.Release|Any CPU.ActiveCfg = Release|Any CPU
		{3AA0B29F-254F-4063-8075-3F5549935F47}.Release|Any CPU.Build.0 = Release|Any CPU
		{DA4D4C98-70E6-42CE-A07B-4778F479DA27}.Debug|Any CPU.ActiveCfg = Debug|Any CPU
		{DA4D4C98-70E6-42CE-A07B-4778F479DA27}.Debug|Any CPU.Build.0 = Debug|Any CPU
		{DA4D4C98-70E6-42CE-A07B-4778F479DA27}.Release|Any CPU.ActiveCfg = Release|Any CPU
		{DA4D4C98-70E6-42CE-A07B-4778F479DA27}.Release|Any CPU.Build.0 = Release|Any CPU
		{62AEE5E7-5865-4B44-B23C-3F84E12FEA4D}.Debug|Any CPU.ActiveCfg = Debug|Any CPU
		{62AEE5E7-5865-4B44-B23C-3F84E12FEA4D}.Debug|Any CPU.Build.0 = Debug|Any CPU
		{62AEE5E7-5865-4B44-B23C-3F84E12FEA4D}.Release|Any CPU.ActiveCfg = Release|Any CPU
		{62AEE5E7-5865-4B44-B23C-3F84E12FEA4D}.Release|Any CPU.Build.0 = Release|Any CPU
		{21D80A82-CE0F-48D4-9524-EE2D4DF1BCE2}.Debug|Any CPU.ActiveCfg = Debug|Any CPU
		{21D80A82-CE0F-48D4-9524-EE2D4DF1BCE2}.Debug|Any CPU.Build.0 = Debug|Any CPU
		{21D80A82-CE0F-48D4-9524-EE2D4DF1BCE2}.Release|Any CPU.ActiveCfg = Release|Any CPU
		{21D80A82-CE0F-48D4-9524-EE2D4DF1BCE2}.Release|Any CPU.Build.0 = Release|Any CPU
		{DB264BD3-A890-4491-AFAB-4886EB4CCED5}.Debug|Any CPU.ActiveCfg = Debug|Any CPU
		{DB264BD3-A890-4491-AFAB-4886EB4CCED5}.Debug|Any CPU.Build.0 = Debug|Any CPU
		{DB264BD3-A890-4491-AFAB-4886EB4CCED5}.Release|Any CPU.ActiveCfg = Release|Any CPU
		{DB264BD3-A890-4491-AFAB-4886EB4CCED5}.Release|Any CPU.Build.0 = Release|Any CPU
		{C7C5BCCB-9CF6-44CB-BFDF-4C72A8305B13}.Debug|Any CPU.ActiveCfg = Debug|Any CPU
		{C7C5BCCB-9CF6-44CB-BFDF-4C72A8305B13}.Debug|Any CPU.Build.0 = Debug|Any CPU
		{C7C5BCCB-9CF6-44CB-BFDF-4C72A8305B13}.Release|Any CPU.ActiveCfg = Release|Any CPU
		{C7C5BCCB-9CF6-44CB-BFDF-4C72A8305B13}.Release|Any CPU.Build.0 = Release|Any CPU
	EndGlobalSection
	GlobalSection(NestedProjects) = preSolution
		{6F9FF9F1-B729-4FEA-9AFF-0FE46CD8B81D} = {97F2EF59-0E20-49FB-805D-C545FB633E76}
		{7FD60AB0-DD83-4415-AB3D-1F2E54D41319} = {97F2EF59-0E20-49FB-805D-C545FB633E76}
		{BACED7E5-3F18-4934-BFED-A65BA1255CAF} = {97F2EF59-0E20-49FB-805D-C545FB633E76}
		{DBB60947-5897-4A68-BD76-1758EB75BE82} = {7FD60AB0-DD83-4415-AB3D-1F2E54D41319}
		{443FF5B8-5406-4B28-9E86-EAF94DD461F2} = {7FD60AB0-DD83-4415-AB3D-1F2E54D41319}
		{E6AF8D4F-2CB7-4468-98E7-8F25A9424D22} = {6F9FF9F1-B729-4FEA-9AFF-0FE46CD8B81D}
		{8825F6EE-83F4-4381-A8F1-350094BDA535} = {97F2EF59-0E20-49FB-805D-C545FB633E76}
		{3AA0B29F-254F-4063-8075-3F5549935F47} = {8825F6EE-83F4-4381-A8F1-350094BDA535}
		{DEFB1B36-85CE-49BA-B9CF-120F596984DE} = {F5AFD33D-C317-44EC-A3EE-7255D9D57D1C}
		{3C5C0487-A4C1-4B42-AE9E-63B725B515B3} = {F5AFD33D-C317-44EC-A3EE-7255D9D57D1C}
		{7595C4D8-4008-45D0-90E3-9AF0C3C3237F} = {3C5C0487-A4C1-4B42-AE9E-63B725B515B3}
		{38518875-7B5C-4358-B181-150E359E0B82} = {F5AFD33D-C317-44EC-A3EE-7255D9D57D1C}
		{506EAB82-00C3-4C44-B068-645D3034DD78} = {38518875-7B5C-4358-B181-150E359E0B82}
		{DA4D4C98-70E6-42CE-A07B-4778F479DA27} = {DEFB1B36-85CE-49BA-B9CF-120F596984DE}
		{62AEE5E7-5865-4B44-B23C-3F84E12FEA4D} = {DEFB1B36-85CE-49BA-B9CF-120F596984DE}
		{ACFD535F-797B-4F96-BD19-FECF53C16080} = {F5AFD33D-C317-44EC-A3EE-7255D9D57D1C}
		{FE5782E9-E64A-417E-8234-127D5A67C2A5} = {ACFD535F-797B-4F96-BD19-FECF53C16080}
		{D393FE3D-A2AC-48D2-9C26-EDDA06801D43} = {97F2EF59-0E20-49FB-805D-C545FB633E76}
		{21D80A82-CE0F-48D4-9524-EE2D4DF1BCE2} = {D393FE3D-A2AC-48D2-9C26-EDDA06801D43}
		{35EB72C9-2701-4137-B991-8DE61E8B715E} = {DEFB1B36-85CE-49BA-B9CF-120F596984DE}
		{DB264BD3-A890-4491-AFAB-4886EB4CCED5} = {35EB72C9-2701-4137-B991-8DE61E8B715E}
		{C7C5BCCB-9CF6-44CB-BFDF-4C72A8305B13} = {35EB72C9-2701-4137-B991-8DE61E8B715E}
	EndGlobalSection
	GlobalSection(AvalonStudioProperties) = preSolution
		StartupItem = {506EAB82-00C3-4C44-B068-645D3034DD78}
	EndGlobalSection
EndGlobal
